
Microsoft Visual Studio Solution File, Format Version 12.00
# Visual Studio Version 17
VisualStudioVersion = 17.11.35208.52
MinimumVisualStudioVersion = 10.0.40219.1
Project("{FAE04EC0-301F-11D3-BF4B-00C04F79EFBC}") = "Hospital", "ConsoleApp1\Hospital.csproj", "{8C0D9A51-A6EA-4EAE-8BEA-2D8BC5B4B7D2}"
EndProject
Global
	GlobalSection(SolutionConfigurationPlatforms) = preSolution
		Debug|Any CPU = Debug|Any CPU
		Release|Any CPU = Release|Any CPU
	EndGlobalSection
	GlobalSection(ProjectConfigurationPlatforms) = postSolution
		{8C0D9A51-A6EA-4EAE-8BEA-2D8BC5B4B7D2}.Debug|Any CPU.ActiveCfg = Debug|Any CPU
		{8C0D9A51-A6EA-4EAE-8BEA-2D8BC5B4B7D2}.Debug|Any CPU.Build.0 = Debug|Any CPU
		{8C0D9A51-A6EA-4EAE-8BEA-2D8BC5B4B7D2}.Release|Any CPU.ActiveCfg = Release|Any CPU
		{8C0D9A51-A6EA-4EAE-8BEA-2D8BC5B4B7D2}.Release|Any CPU.Build.0 = Release|Any CPU
	EndGlobalSection
	GlobalSection(SolutionProperties) = preSolution
		HideSolutionNode = FALSE
	EndGlobalSection
	GlobalSection(ExtensibilityGlobals) = postSolution
		SolutionGuid = {09148F7D-F179-40FE-8337-22DEEFDC7FF8}
	EndGlobalSection
EndGlobal
