
Microsoft Visual Studio Solution File, Format Version 12.00
# Visual Studio Version 17
VisualStudioVersion = 17.11.35303.130
MinimumVisualStudioVersion = 10.0.40219.1
Project("{FAE04EC0-301F-11D3-BF4B-00C04F79EFBC}") = "Hospital", "Hospital.csproj", "{8C0D9A51-A6EA-4EAE-8BEA-2D8BC5B4B7D2}"
EndProject
Project("{FAE04EC0-301F-11D3-BF4B-00C04F79EFBC}") = "TESTE", "..\TESTE\TESTE.csproj", "{EB2F40E8-3DFF-4620-9430-55A460A72E7A}"
EndProject
Global
	GlobalSection(SolutionConfigurationPlatforms) = preSolution
		Debug|Any CPU = Debug|Any CPU
		Release|Any CPU = Release|Any CPU
	EndGlobalSection
	GlobalSection(ProjectConfigurationPlatforms) = postSolution
		{8C0D9A51-A6EA-4EAE-8BEA-2D8BC5B4B7D2}.Debug|Any CPU.ActiveCfg = Debug|Any CPU
		{8C0D9A51-A6EA-4EAE-8BEA-2D8BC5B4B7D2}.Debug|Any CPU.Build.0 = Debug|Any CPU
		{8C0D9A51-A6EA-4EAE-8BEA-2D8BC5B4B7D2}.Release|Any CPU.ActiveCfg = Release|Any CPU
		{8C0D9A51-A6EA-4EAE-8BEA-2D8BC5B4B7D2}.Release|Any CPU.Build.0 = Release|Any CPU
		{EB2F40E8-3DFF-4620-9430-55A460A72E7A}.Debug|Any CPU.ActiveCfg = Debug|Any CPU
		{EB2F40E8-3DFF-4620-9430-55A460A72E7A}.Debug|Any CPU.Build.0 = Debug|Any CPU
		{EB2F40E8-3DFF-4620-9430-55A460A72E7A}.Release|Any CPU.ActiveCfg = Release|Any CPU
		{EB2F40E8-3DFF-4620-9430-55A460A72E7A}.Release|Any CPU.Build.0 = Release|Any CPU
	EndGlobalSection
	GlobalSection(SolutionProperties) = preSolution
		HideSolutionNode = FALSE
	EndGlobalSection
	GlobalSection(ExtensibilityGlobals) = postSolution
		SolutionGuid = {808B0610-7B0D-47EC-BE3A-0221C54A4B4C}
	EndGlobalSection
EndGlobal
